
Microsoft Visual Studio Solution File, Format Version 12.00
# Visual Studio Version 16
VisualStudioVersion = 16.0.30907.101
MinimumVisualStudioVersion = 10.0.40219.1
Project("{9A19103F-16F7-4668-BE54-9A1E7A4F7556}") = "ZwiftActivityMonitor", "ZwiftActivityMonitor\ZwiftActivityMonitor.csproj", "{C67B3344-E8EB-4DAB-A3AF-BB135EA582A1}"
EndProject
Global
	GlobalSection(SolutionConfigurationPlatforms) = preSolution
		Debug|Any CPU = Debug|Any CPU
		Release|Any CPU = Release|Any CPU
	EndGlobalSection
	GlobalSection(ProjectConfigurationPlatforms) = postSolution
		{C67B3344-E8EB-4DAB-A3AF-BB135EA582A1}.Debug|Any CPU.ActiveCfg = Debug|Any CPU
		{C67B3344-E8EB-4DAB-A3AF-BB135EA582A1}.Debug|Any CPU.Build.0 = Debug|Any CPU
		{C67B3344-E8EB-4DAB-A3AF-BB135EA582A1}.Release|Any CPU.ActiveCfg = Release|Any CPU
		{C67B3344-E8EB-4DAB-A3AF-BB135EA582A1}.Release|Any CPU.Build.0 = Release|Any CPU
	EndGlobalSection
	GlobalSection(SolutionProperties) = preSolution
		HideSolutionNode = FALSE
	EndGlobalSection
	GlobalSection(ExtensibilityGlobals) = postSolution
		SolutionGuid = {5714BDDB-A3BF-4AD0-9A91-D7194F0451A8}
	EndGlobalSection
EndGlobal
